
Microsoft Visual Studio Solution File, Format Version 12.00
Project("{FAE04EC0-301F-11D3-BF4B-00C04F79EFBC}") = "TrackmaniaIo.ApiClient", "TrackmaniaIo.ApiClient\TrackmaniaIo.ApiClient.csproj", "{4D9A60CD-4C87-4611-B85F-F56172BD4BE4}"
EndProject
Project("{2150E333-8FDC-42A3-9474-1A3956D46DE8}") = "Examples", "Examples", "{1E4B4290-C5B6-4F67-940B-F46CCC5CD492}"
EndProject
Project("{FAE04EC0-301F-11D3-BF4B-00C04F79EFBC}") = "Example1", "Examples\Example1\Example1.csproj", "{2B211095-DDEF-4908-9F9E-7F3AE4AFA685}"
EndProject
Global
	GlobalSection(SolutionConfigurationPlatforms) = preSolution
		Debug|Any CPU = Debug|Any CPU
		Release|Any CPU = Release|Any CPU
	EndGlobalSection
	GlobalSection(ProjectConfigurationPlatforms) = postSolution
		{4D9A60CD-4C87-4611-B85F-F56172BD4BE4}.Debug|Any CPU.ActiveCfg = Debug|Any CPU
		{4D9A60CD-4C87-4611-B85F-F56172BD4BE4}.Debug|Any CPU.Build.0 = Debug|Any CPU
		{4D9A60CD-4C87-4611-B85F-F56172BD4BE4}.Release|Any CPU.ActiveCfg = Release|Any CPU
		{4D9A60CD-4C87-4611-B85F-F56172BD4BE4}.Release|Any CPU.Build.0 = Release|Any CPU
		{2B211095-DDEF-4908-9F9E-7F3AE4AFA685}.Debug|Any CPU.ActiveCfg = Debug|Any CPU
		{2B211095-DDEF-4908-9F9E-7F3AE4AFA685}.Debug|Any CPU.Build.0 = Debug|Any CPU
		{2B211095-DDEF-4908-9F9E-7F3AE4AFA685}.Release|Any CPU.ActiveCfg = Release|Any CPU
		{2B211095-DDEF-4908-9F9E-7F3AE4AFA685}.Release|Any CPU.Build.0 = Release|Any CPU
	EndGlobalSection
	GlobalSection(NestedProjects) = preSolution
		{2B211095-DDEF-4908-9F9E-7F3AE4AFA685} = {1E4B4290-C5B6-4F67-940B-F46CCC5CD492}
	EndGlobalSection
EndGlobal
